
Microsoft Visual Studio Solution File, Format Version 12.00
# Visual Studio Version 17
VisualStudioVersion = 17.0.32014.148
MinimumVisualStudioVersion = 10.0.40219.1
Project("{FAE04EC0-301F-11D3-BF4B-00C04F79EFBC}") = "FirstApp", "FirstApp\FirstApp.csproj", "{4222DFD5-62E2-4287-9733-C3D68EA0A5DA}"
EndProject
Global
	GlobalSection(SolutionConfigurationPlatforms) = preSolution
		Debug|Any CPU = Debug|Any CPU
		Release|Any CPU = Release|Any CPU
	EndGlobalSection
	GlobalSection(ProjectConfigurationPlatforms) = postSolution
		{4222DFD5-62E2-4287-9733-C3D68EA0A5DA}.Debug|Any CPU.ActiveCfg = Debug|Any CPU
		{4222DFD5-62E2-4287-9733-C3D68EA0A5DA}.Debug|Any CPU.Build.0 = Debug|Any CPU
		{4222DFD5-62E2-4287-9733-C3D68EA0A5DA}.Release|Any CPU.ActiveCfg = Release|Any CPU
		{4222DFD5-62E2-4287-9733-C3D68EA0A5DA}.Release|Any CPU.Build.0 = Release|Any CPU
	EndGlobalSection
	GlobalSection(SolutionProperties) = preSolution
		HideSolutionNode = FALSE
	EndGlobalSection
	GlobalSection(ExtensibilityGlobals) = postSolution
		SolutionGuid = {7F100499-3F35-4472-8BA7-59D74056BC83}
	EndGlobalSection
EndGlobal
